
Microsoft Visual Studio Solution File, Format Version 12.00
# Visual Studio Version 17
VisualStudioVersion = 17.8.34205.153
MinimumVisualStudioVersion = 10.0.40219.1
Project("{9A19103F-16F7-4668-BE54-9A1E7A4F7556}") = "VinavaFashionProject", "VinavaFashionProject\VinavaFashionProject.csproj", "{9DB7F916-FEE6-4FE3-AD8D-B4D1FC2E658B}"
EndProject
Project("{9A19103F-16F7-4668-BE54-9A1E7A4F7556}") = "VinavaFashionProject.Api", "VinavaFashionProject.Api\VinavaFashionProject.Api.csproj", "{1742A721-C09A-484A-AC76-628D04E86216}"
EndProject
Project("{9A19103F-16F7-4668-BE54-9A1E7A4F7556}") = "VinavaFashionProject.Common", "Vinava.Common\VinavaFashionProject.Common.csproj", "{F9A43242-DA43-41FE-B6BA-510782BD1ABC}"
EndProject
Global
	GlobalSection(SolutionConfigurationPlatforms) = preSolution
		Debug|Any CPU = Debug|Any CPU
		Release|Any CPU = Release|Any CPU
	EndGlobalSection
	GlobalSection(ProjectConfigurationPlatforms) = postSolution
		{9DB7F916-FEE6-4FE3-AD8D-B4D1FC2E658B}.Debug|Any CPU.ActiveCfg = Debug|Any CPU
		{9DB7F916-FEE6-4FE3-AD8D-B4D1FC2E658B}.Debug|Any CPU.Build.0 = Debug|Any CPU
		{9DB7F916-FEE6-4FE3-AD8D-B4D1FC2E658B}.Debug|Any CPU.Deploy.0 = Debug|Any CPU
		{9DB7F916-FEE6-4FE3-AD8D-B4D1FC2E658B}.Release|Any CPU.ActiveCfg = Release|Any CPU
		{9DB7F916-FEE6-4FE3-AD8D-B4D1FC2E658B}.Release|Any CPU.Build.0 = Release|Any CPU
		{9DB7F916-FEE6-4FE3-AD8D-B4D1FC2E658B}.Release|Any CPU.Deploy.0 = Release|Any CPU
		{1742A721-C09A-484A-AC76-628D04E86216}.Debug|Any CPU.ActiveCfg = Debug|Any CPU
		{1742A721-C09A-484A-AC76-628D04E86216}.Debug|Any CPU.Build.0 = Debug|Any CPU
		{1742A721-C09A-484A-AC76-628D04E86216}.Release|Any CPU.ActiveCfg = Release|Any CPU
		{1742A721-C09A-484A-AC76-628D04E86216}.Release|Any CPU.Build.0 = Release|Any CPU
		{F9A43242-DA43-41FE-B6BA-510782BD1ABC}.Debug|Any CPU.ActiveCfg = Debug|Any CPU
		{F9A43242-DA43-41FE-B6BA-510782BD1ABC}.Debug|Any CPU.Build.0 = Debug|Any CPU
		{F9A43242-DA43-41FE-B6BA-510782BD1ABC}.Release|Any CPU.ActiveCfg = Release|Any CPU
		{F9A43242-DA43-41FE-B6BA-510782BD1ABC}.Release|Any CPU.Build.0 = Release|Any CPU
	EndGlobalSection
	GlobalSection(SolutionProperties) = preSolution
		HideSolutionNode = FALSE
	EndGlobalSection
	GlobalSection(ExtensibilityGlobals) = postSolution
		SolutionGuid = {12A6B9C6-6019-4162-B2F5-7876422D5E85}
	EndGlobalSection
EndGlobal
